
Microsoft Visual Studio Solution File, Format Version 12.00
# Visual Studio 15
VisualStudioVersion = 15.0.28307.572
MinimumVisualStudioVersion = 10.0.40219.1
Project("{8BC9CEB8-8B4A-11D0-8D11-00A0C91BC942}") = "cmdCommad", "cmdCommad\cmdCommad.vcxproj", "{90861C67-4A0B-42F1-8C29-791A0EC11BFC}"
EndProject
Global
	GlobalSection(SolutionConfigurationPlatforms) = preSolution
		Debug|x64 = Debug|x64
		Debug|x86 = Debug|x86
		Release|x64 = Release|x64
		Release|x86 = Release|x86
	EndGlobalSection
	GlobalSection(ProjectConfigurationPlatforms) = postSolution
		{90861C67-4A0B-42F1-8C29-791A0EC11BFC}.Debug|x64.ActiveCfg = Debug|x64
		{90861C67-4A0B-42F1-8C29-791A0EC11BFC}.Debug|x64.Build.0 = Debug|x64
		{90861C67-4A0B-42F1-8C29-791A0EC11BFC}.Debug|x86.ActiveCfg = Debug|Win32
		{90861C67-4A0B-42F1-8C29-791A0EC11BFC}.Debug|x86.Build.0 = Debug|Win32
		{90861C67-4A0B-42F1-8C29-791A0EC11BFC}.Release|x64.ActiveCfg = Release|x64
		{90861C67-4A0B-42F1-8C29-791A0EC11BFC}.Release|x64.Build.0 = Release|x64
		{90861C67-4A0B-42F1-8C29-791A0EC11BFC}.Release|x86.ActiveCfg = Release|Win32
		{90861C67-4A0B-42F1-8C29-791A0EC11BFC}.Release|x86.Build.0 = Release|Win32
	EndGlobalSection
	GlobalSection(SolutionProperties) = preSolution
		HideSolutionNode = FALSE
	EndGlobalSection
	GlobalSection(ExtensibilityGlobals) = postSolution
		SolutionGuid = {14748B04-D677-4290-929D-22CA57C3BE39}
	EndGlobalSection
EndGlobal
